Microsoft Visual Studio Solution File, Format Version 12.00
# Visual Studio Version 17
VisualStudioVersion = 17.5.2.0
MinimumVisualStudioVersion = 10.0.40219.1
Project("{FAE04EC0-301F-11D3-BF4B-00C04F79EFBC}") = "StateDesignPattern", "StateDesignPattern.csproj", "{280F45BC-5230-0DD0-09CE-C3F680B12A7B}"
EndProject
Global
	GlobalSection(SolutionConfigurationPlatforms) = preSolution
		Debug|Any CPU = Debug|Any CPU
		Release|Any CPU = Release|Any CPU
	EndGlobalSection
	GlobalSection(ProjectConfigurationPlatforms) = postSolution
		{280F45BC-5230-0DD0-09CE-C3F680B12A7B}.Debug|Any CPU.ActiveCfg = Debug|Any CPU
		{280F45BC-5230-0DD0-09CE-C3F680B12A7B}.Debug|Any CPU.Build.0 = Debug|Any CPU
		{280F45BC-5230-0DD0-09CE-C3F680B12A7B}.Release|Any CPU.ActiveCfg = Release|Any CPU
		{280F45BC-5230-0DD0-09CE-C3F680B12A7B}.Release|Any CPU.Build.0 = Release|Any CPU
	EndGlobalSection
	GlobalSection(SolutionProperties) = preSolution
		HideSolutionNode = FALSE
	EndGlobalSection
	GlobalSection(ExtensibilityGlobals) = postSolution
		SolutionGuid = {E5B068B4-3AB4-40C7-A14A-8F5E8D37F5D4}
	EndGlobalSection
EndGlobal
